<?xml version="1.0" encoding="utf-8"?>
<Project ToolsVersion="4.0" xmlns="http://schemas.microsoft.com/developer/msbuild/2003">
  <ItemGroup>
    <ClCompile Include="Render\Camera.cpp">
      <Filter>Render</Filter>
    </ClCompile>
    <ClCompile Include="Render\Render.cpp">
      <Filter>Render</Filter>
    </ClCompile>
    <ClCompile Include="main.cpp" />
    <ClCompile Include="BombSys.cpp">
      <Filter>Systems</Filter>
    </ClCompile>
    <ClCompile Include="FountainSystem.cpp">
      <Filter>Systems</Filter>
    </ClCompile>
    <ClCompile Include="ParticleSys.cpp">
      <Filter>Systems</Filter>
    </ClCompile>
    <ClCompile Include="SprinklerSystem.cpp">
      <Filter>Systems</Filter>
    </ClCompile>
    <ClCompile Include="ExplosionGenerator.cpp">
      <Filter>Generators</Filter>
    </ClCompile>
    <ClCompile Include="ForceGen.cpp">
      <Filter>Generators</Filter>
    </ClCompile>
    <ClCompile Include="GravityForceGenerator.cpp">
      <Filter>Generators</Filter>
    </ClCompile>
    <ClCompile Include="TornadoGenerator.cpp">
      <Filter>Generators</Filter>
    </ClCompile>
    <ClCompile Include="WindForceGenerator.cpp">
      <Filter>Generators</Filter>
    </ClCompile>
    <ClCompile Include="Vector3D.cpp">
      <Filter>Bases</Filter>
    </ClCompile>
    <ClCompile Include="RenderUtils.cpp">
      <Filter>Bases</Filter>
    </ClCompile>
    <ClCompile Include="Projectile.cpp">
      <Filter>Bases</Filter>
    </ClCompile>
    <ClCompile Include="Particle.cpp">
      <Filter>Bases</Filter>
    </ClCompile>
    <ClCompile Include="callbacks.cpp">
      <Filter>Bases</Filter>
    </ClCompile>
    <ClCompile Include="Scene.cpp">
      <Filter>Scenes</Filter>
    </ClCompile>
    <ClCompile Include="SceneManager.cpp">
      <Filter>Scenes</Filter>
    </ClCompile>
    <ClCompile Include="ExplosionScene.cpp">
      <Filter>Scenes\others</Filter>
    </ClCompile>
    <ClCompile Include="TornadoScene.cpp">
      <Filter>Scenes\others</Filter>
    </ClCompile>
    <ClCompile Include="GravityScene.cpp">
      <Filter>Scenes\others</Filter>
    </ClCompile>
    <ClCompile Include="WindScene.cpp">
      <Filter>Scenes\others</Filter>
    </ClCompile>
    <ClCompile Include="SpringForceGenerator.cpp">
      <Filter>Generators</Filter>
    </ClCompile>
    <ClCompile Include="SpringScene.cpp">
      <Filter>Scenes\others</Filter>
    </ClCompile>
    <ClCompile Include="ForceSystem.cpp">
      <Filter>Systems</Filter>
    </ClCompile>
    <ClCompile Include="BuoyancyForceGenerator.cpp">
      <Filter>Generators</Filter>
    </ClCompile>
    <ClCompile Include="SpringSystem.cpp">
      <Filter>Systems</Filter>
    </ClCompile>
    <ClCompile Include="BuoyancyParticleSystem.cpp">
      <Filter>Systems</Filter>
    </ClCompile>
    <ClCompile Include="System.cpp">
      <Filter>Systems</Filter>
    </ClCompile>
    <ClCompile Include="BuoyancyScene.cpp">
      <Filter>Scenes\others</Filter>
    </ClCompile>
    <ClCompile Include="GameScene.cpp" />
    <ClCompile Include="SolidoRigido.cpp">
      <Filter>Objects</Filter>
    </ClCompile>
    <ClCompile Include="Object.cpp">
      <Filter>Objects</Filter>
    </ClCompile>
    <ClCompile Include="SolidoRigidoSystem.cpp" />
  </ItemGroup>
  <ItemGroup>
    <ClInclude Include="Render\Camera.h">
      <Filter>Render</Filter>
    </ClInclude>
    <ClInclude Include="Render\Render.h">
      <Filter>Render</Filter>
    </ClInclude>
    <ClInclude Include="FountainSystem.h">
      <Filter>Systems</Filter>
    </ClInclude>
    <ClInclude Include="ForceSystem.h">
      <Filter>Systems</Filter>
    </ClInclude>
    <ClInclude Include="ParticleSys.h">
      <Filter>Systems</Filter>
    </ClInclude>
    <ClInclude Include="SprinklerSystem.h">
      <Filter>Systems</Filter>
    </ClInclude>
    <ClInclude Include="ExplosionGenerator.h">
      <Filter>Generators</Filter>
    </ClInclude>
    <ClInclude Include="ForceGen.h">
      <Filter>Generators</Filter>
    </ClInclude>
    <ClInclude Include="GravityForceGenerator.h">
      <Filter>Generators</Filter>
    </ClInclude>
    <ClInclude Include="TornadoGenerator.h">
      <Filter>Generators</Filter>
    </ClInclude>
    <ClInclude Include="WindForceGenerator.h">
      <Filter>Generators</Filter>
    </ClInclude>
    <ClInclude Include="Vector3D.h">
      <Filter>Bases</Filter>
    </ClInclude>
    <ClInclude Include="RenderUtils.hpp">
      <Filter>Bases</Filter>
    </ClInclude>
    <ClInclude Include="Projectile.h">
      <Filter>Bases</Filter>
    </ClInclude>
    <ClInclude Include="Particle.h">
      <Filter>Bases</Filter>
    </ClInclude>
    <ClInclude Include="core.hpp">
      <Filter>Bases</Filter>
    </ClInclude>
    <ClInclude Include="callbacks.hpp">
      <Filter>Bases</Filter>
    </ClInclude>
    <ClInclude Include="Scene.h">
      <Filter>Scenes</Filter>
    </ClInclude>
    <ClInclude Include="SceneManager.h">
      <Filter>Scenes</Filter>
    </ClInclude>
    <ClInclude Include="ExplosionScene.h">
      <Filter>Scenes\others</Filter>
    </ClInclude>
    <ClInclude Include="TornadoScene.h">
      <Filter>Scenes\others</Filter>
    </ClInclude>
    <ClInclude Include="GravityScene.h">
      <Filter>Scenes\others</Filter>
    </ClInclude>
    <ClInclude Include="WindScene.h">
      <Filter>Scenes\others</Filter>
    </ClInclude>
    <ClInclude Include="SpringForceGenerator.h">
      <Filter>Generators</Filter>
    </ClInclude>
    <ClInclude Include="SpringScene.h">
      <Filter>Scenes\others</Filter>
    </ClInclude>
    <ClInclude Include="BombSys.h">
      <Filter>Systems</Filter>
    </ClInclude>
    <ClInclude Include="BuoyancyForceGenerator.h">
      <Filter>Generators</Filter>
    </ClInclude>
    <ClInclude Include="SpringSystem.h">
      <Filter>Systems</Filter>
    </ClInclude>
    <ClInclude Include="BuoyancyParticleSystem.h">
      <Filter>Systems</Filter>
    </ClInclude>
    <ClInclude Include="System.h">
      <Filter>Systems</Filter>
    </ClInclude>
    <ClInclude Include="BuoyancyScene.h">
      <Filter>Scenes\others</Filter>
    </ClInclude>
    <ClInclude Include="GameScene.h" />
    <ClInclude Include="SolidoRigido.h">
      <Filter>Objects</Filter>
    </ClInclude>
    <ClInclude Include="Object.h">
      <Filter>Objects</Filter>
    </ClInclude>
    <ClInclude Include="SolidoRigidoSystem.h" />
  </ItemGroup>
  <ItemGroup>
    <Filter Include="Render">
      <UniqueIdentifier>{d04b4f9f-5a69-465e-8070-25c6d0bcd3c2}</UniqueIdentifier>
    </Filter>
    <Filter Include="Systems">
      <UniqueIdentifier>{224e7bd2-1dee-413e-92f2-24c1c7b18f9f}</UniqueIdentifier>
    </Filter>
    <Filter Include="Generators">
      <UniqueIdentifier>{cd242fd5-bbad-445d-ad15-8439b1459edf}</UniqueIdentifier>
    </Filter>
    <Filter Include="Bases">
      <UniqueIdentifier>{b6f29dd6-f783-44b7-9b66-f617a2fd0aa0}</UniqueIdentifier>
    </Filter>
    <Filter Include="Scenes">
      <UniqueIdentifier>{cdbcd633-9389-4e1e-bc90-0485403ab333}</UniqueIdentifier>
    </Filter>
    <Filter Include="Scenes\others">
      <UniqueIdentifier>{e52784ca-934f-4bc5-98f0-04cbee90451d}</UniqueIdentifier>
    </Filter>
    <Filter Include="Scenes\Final">
      <UniqueIdentifier>{eab68107-3a47-4863-a5fe-0ddb751dc2ee}</UniqueIdentifier>
    </Filter>
    <Filter Include="Objects">
      <UniqueIdentifier>{79641677-00e1-44cf-92ce-067d1a0a5837}</UniqueIdentifier>
    </Filter>
  </ItemGroup>
</Project>